
Microsoft Visual Studio Solution File, Format Version 12.00
# Visual Studio Version 16
VisualStudioVersion = 16.0.30907.101
MinimumVisualStudioVersion = 10.0.40219.1
Project("{9A19103F-16F7-4668-BE54-9A1E7A4F7556}") = "TokenManager.UI", "src\TokenManager.UI\TokenManager.UI.csproj", "{2B1D4A1C-35D2-4405-9A2A-8C2B1EFCA3C1}"
EndProject
Project("{FAE04EC0-301F-11D3-BF4B-00C04F79EFBC}") = "TokenManager.Core", "src\TokenManager.Core\TokenManager.Core.csproj", "{D4892691-55C0-4415-80AA-00A57081B76B}"
EndProject
Global
	GlobalSection(SolutionConfigurationPlatforms) = preSolution
		Debug|Any CPU = Debug|Any CPU
		Release|Any CPU = Release|Any CPU
	EndGlobalSection
	GlobalSection(ProjectConfigurationPlatforms) = postSolution
		{2B1D4A1C-35D2-4405-9A2A-8C2B1EFCA3C1}.Debug|Any CPU.ActiveCfg = Debug|Any CPU
		{2B1D4A1C-35D2-4405-9A2A-8C2B1EFCA3C1}.Debug|Any CPU.Build.0 = Debug|Any CPU
		{2B1D4A1C-35D2-4405-9A2A-8C2B1EFCA3C1}.Release|Any CPU.ActiveCfg = Release|Any CPU
		{2B1D4A1C-35D2-4405-9A2A-8C2B1EFCA3C1}.Release|Any CPU.Build.0 = Release|Any CPU
		{D4892691-55C0-4415-80AA-00A57081B76B}.Debug|Any CPU.ActiveCfg = Debug|Any CPU
		{D4892691-55C0-4415-80AA-00A57081B76B}.Debug|Any CPU.Build.0 = Debug|Any CPU
		{D4892691-55C0-4415-80AA-00A57081B76B}.Release|Any CPU.ActiveCfg = Release|Any CPU
		{D4892691-55C0-4415-80AA-00A57081B76B}.Release|Any CPU.Build.0 = Release|Any CPU
	EndGlobalSection
	GlobalSection(SolutionProperties) = preSolution
		HideSolutionNode = FALSE
	EndGlobalSection
	GlobalSection(ExtensibilityGlobals) = postSolution
		SolutionGuid = {8BCE65A2-3BC2-4C21-96AC-88E5804BFCD0}
	EndGlobalSection
EndGlobal
